
Microsoft Visual Studio Solution File, Format Version 12.00
# Visual Studio Version 17
VisualStudioVersion = 17.8.34601.278
MinimumVisualStudioVersion = 10.0.40219.1
Project("{FAE04EC0-301F-11D3-BF4B-00C04F79EFBC}") = "exs 1.1.1", "exs 1.1.1\exs 1.1.1.csproj", "{B93AF63D-48BF-4A17-8666-43E24CEB9C6B}"
EndProject
Project("{FAE04EC0-301F-11D3-BF4B-00C04F79EFBC}") = "exa 2.2.2", "exa 2.2.2\exa 2.2.2.csproj", "{7FB68246-A61E-4B9E-9D4F-A38539C01925}"
EndProject
Project("{FAE04EC0-301F-11D3-BF4B-00C04F79EFBC}") = "exa 3.3.3", "exa 3.3.3\exa 3.3.3.csproj", "{9012BA9C-1F3C-474A-A1CE-1486587B31DD}"
EndProject
Project("{FAE04EC0-301F-11D3-BF4B-00C04F79EFBC}") = "ConsoleApp1", "ConsoleApp1\ConsoleApp1.csproj", "{6FDEA2AC-CA1B-41CD-A2DB-5CCFF629CCBD}"
EndProject
Project("{FAE04EC0-301F-11D3-BF4B-00C04F79EFBC}") = "ConsoleApp2", "ConsoleApp2\ConsoleApp2.csproj", "{271C3816-8C47-4BC6-A13F-B49587F99E2F}"
EndProject
Global
	GlobalSection(SolutionConfigurationPlatforms) = preSolution
		Debug|Any CPU = Debug|Any CPU
		Release|Any CPU = Release|Any CPU
	EndGlobalSection
	GlobalSection(ProjectConfigurationPlatforms) = postSolution
		{B93AF63D-48BF-4A17-8666-43E24CEB9C6B}.Debug|Any CPU.ActiveCfg = Debug|Any CPU
		{B93AF63D-48BF-4A17-8666-43E24CEB9C6B}.Debug|Any CPU.Build.0 = Debug|Any CPU
		{B93AF63D-48BF-4A17-8666-43E24CEB9C6B}.Release|Any CPU.ActiveCfg = Release|Any CPU
		{B93AF63D-48BF-4A17-8666-43E24CEB9C6B}.Release|Any CPU.Build.0 = Release|Any CPU
		{7FB68246-A61E-4B9E-9D4F-A38539C01925}.Debug|Any CPU.ActiveCfg = Debug|Any CPU
		{7FB68246-A61E-4B9E-9D4F-A38539C01925}.Debug|Any CPU.Build.0 = Debug|Any CPU
		{7FB68246-A61E-4B9E-9D4F-A38539C01925}.Release|Any CPU.ActiveCfg = Release|Any CPU
		{7FB68246-A61E-4B9E-9D4F-A38539C01925}.Release|Any CPU.Build.0 = Release|Any CPU
		{9012BA9C-1F3C-474A-A1CE-1486587B31DD}.Debug|Any CPU.ActiveCfg = Debug|Any CPU
		{9012BA9C-1F3C-474A-A1CE-1486587B31DD}.Debug|Any CPU.Build.0 = Debug|Any CPU
		{9012BA9C-1F3C-474A-A1CE-1486587B31DD}.Release|Any CPU.ActiveCfg = Release|Any CPU
		{9012BA9C-1F3C-474A-A1CE-1486587B31DD}.Release|Any CPU.Build.0 = Release|Any CPU
		{6FDEA2AC-CA1B-41CD-A2DB-5CCFF629CCBD}.Debug|Any CPU.ActiveCfg = Debug|Any CPU
		{6FDEA2AC-CA1B-41CD-A2DB-5CCFF629CCBD}.Debug|Any CPU.Build.0 = Debug|Any CPU
		{6FDEA2AC-CA1B-41CD-A2DB-5CCFF629CCBD}.Release|Any CPU.ActiveCfg = Release|Any CPU
		{6FDEA2AC-CA1B-41CD-A2DB-5CCFF629CCBD}.Release|Any CPU.Build.0 = Release|Any CPU
		{271C3816-8C47-4BC6-A13F-B49587F99E2F}.Debug|Any CPU.ActiveCfg = Debug|Any CPU
		{271C3816-8C47-4BC6-A13F-B49587F99E2F}.Debug|Any CPU.Build.0 = Debug|Any CPU
		{271C3816-8C47-4BC6-A13F-B49587F99E2F}.Release|Any CPU.ActiveCfg = Release|Any CPU
		{271C3816-8C47-4BC6-A13F-B49587F99E2F}.Release|Any CPU.Build.0 = Release|Any CPU
	EndGlobalSection
	GlobalSection(SolutionProperties) = preSolution
		HideSolutionNode = FALSE
	EndGlobalSection
	GlobalSection(ExtensibilityGlobals) = postSolution
		SolutionGuid = {9B28B6AC-7B42-4576-A265-EE5698B94292}
	EndGlobalSection
EndGlobal
